
Microsoft Visual Studio Solution File, Format Version 12.00
# Visual Studio Version 16
VisualStudioVersion = 16.0.29215.179
MinimumVisualStudioVersion = 10.0.40219.1
Project("{FAE04EC0-301F-11D3-BF4B-00C04F79EFBC}") = "MyFirstCoreMVCApp", "MyFirstCoreMVCApp\MyFirstCoreMVCApp.csproj", "{DBD02B7D-BABB-4AE4-A78C-770BA9EE52C0}"
EndProject
Global
	GlobalSection(SolutionConfigurationPlatforms) = preSolution
		Debug|Any CPU = Debug|Any CPU
		Release|Any CPU = Release|Any CPU
	EndGlobalSection
	GlobalSection(ProjectConfigurationPlatforms) = postSolution
		{DBD02B7D-BABB-4AE4-A78C-770BA9EE52C0}.Debug|Any CPU.ActiveCfg = Debug|Any CPU
		{DBD02B7D-BABB-4AE4-A78C-770BA9EE52C0}.Debug|Any CPU.Build.0 = Debug|Any CPU
		{DBD02B7D-BABB-4AE4-A78C-770BA9EE52C0}.Release|Any CPU.ActiveCfg = Release|Any CPU
		{DBD02B7D-BABB-4AE4-A78C-770BA9EE52C0}.Release|Any CPU.Build.0 = Release|Any CPU
	EndGlobalSection
	GlobalSection(SolutionProperties) = preSolution
		HideSolutionNode = FALSE
	EndGlobalSection
	GlobalSection(ExtensibilityGlobals) = postSolution
		SolutionGuid = {159FE2BD-E986-49FD-8259-CA0A061C91F8}
	EndGlobalSection
EndGlobal
