
Microsoft Visual Studio Solution File, Format Version 12.00
# Visual Studio Version 16
VisualStudioVersion = 16.0.29215.179
MinimumVisualStudioVersion = 10.0.40219.1
Project("{FAE04EC0-301F-11D3-BF4B-00C04F79EFBC}") = "MyFirstCoreApplication", "MyFirstCoreApplication\MyFirstCoreApplication.csproj", "{94D356B5-90DF-4F85-A34B-10D40818368E}"
EndProject
Global
	GlobalSection(SolutionConfigurationPlatforms) = preSolution
		Debug|Any CPU = Debug|Any CPU
		Release|Any CPU = Release|Any CPU
	EndGlobalSection
	GlobalSection(ProjectConfigurationPlatforms) = postSolution
		{94D356B5-90DF-4F85-A34B-10D40818368E}.Debug|Any CPU.ActiveCfg = Debug|Any CPU
		{94D356B5-90DF-4F85-A34B-10D40818368E}.Debug|Any CPU.Build.0 = Debug|Any CPU
		{94D356B5-90DF-4F85-A34B-10D40818368E}.Release|Any CPU.ActiveCfg = Release|Any CPU
		{94D356B5-90DF-4F85-A34B-10D40818368E}.Release|Any CPU.Build.0 = Release|Any CPU
	EndGlobalSection
	GlobalSection(SolutionProperties) = preSolution
		HideSolutionNode = FALSE
	EndGlobalSection
	GlobalSection(ExtensibilityGlobals) = postSolution
		SolutionGuid = {E1EAAEED-69FE-4732-80A1-8D05726D488E}
	EndGlobalSection
EndGlobal
